
Microsoft Visual Studio Solution File, Format Version 12.00
# Visual Studio Version 17
VisualStudioVersion = 17.1.32319.34
MinimumVisualStudioVersion = 10.0.40219.1
Project("{FAE04EC0-301F-11D3-BF4B-00C04F79EFBC}") = "TestRazorPage", "TestRazorPage.csproj", "{381564F8-0BEB-4D9B-9518-0C62B3450D93}"
EndProject
Global
	GlobalSection(SolutionConfigurationPlatforms) = preSolution
		Debug|Any CPU = Debug|Any CPU
		Release|Any CPU = Release|Any CPU
	EndGlobalSection
	GlobalSection(ProjectConfigurationPlatforms) = postSolution
		{381564F8-0BEB-4D9B-9518-0C62B3450D93}.Debug|Any CPU.ActiveCfg = Debug|Any CPU
		{381564F8-0BEB-4D9B-9518-0C62B3450D93}.Debug|Any CPU.Build.0 = Debug|Any CPU
		{381564F8-0BEB-4D9B-9518-0C62B3450D93}.Release|Any CPU.ActiveCfg = Release|Any CPU
		{381564F8-0BEB-4D9B-9518-0C62B3450D93}.Release|Any CPU.Build.0 = Release|Any CPU
	EndGlobalSection
	GlobalSection(SolutionProperties) = preSolution
		HideSolutionNode = FALSE
	EndGlobalSection
	GlobalSection(ExtensibilityGlobals) = postSolution
		SolutionGuid = {9340BDCA-54CE-468C-9F4B-8838662CB413}
	EndGlobalSection
EndGlobal
